
Microsoft Visual Studio Solution File, Format Version 12.00
# Visual Studio Version 17
VisualStudioVersion = 17.14.36414.22
MinimumVisualStudioVersion = 10.0.40219.1
Project("{FAE04EC0-301F-11D3-BF4B-00C04F79EFBC}") = "Paperless.Rest", "Paperless.Rest\Paperless.Rest.csproj", "{E063AB02-C30B-41ED-96DD-5172BECB624C}"
EndProject
Project("{FAE04EC0-301F-11D3-BF4B-00C04F79EFBC}") = "Paperless.Domain", "Paperless.Domain\Paperless.Domain.csproj", "{666E51EA-B511-4B12-9992-79C3DA3179FE}"
EndProject
Project("{2150E333-8FDC-42A3-9474-1A3956D46DE8}") = "Solution Items", "Solution Items", "{8EC462FD-D22E-90A8-E5CE-7E832BA40C5D}"
	ProjectSection(SolutionItems) = preProject
		worknotes.md = worknotes.md
	EndProjectSection
EndProject
Project("{FAE04EC0-301F-11D3-BF4B-00C04F79EFBC}") = "Paperless.Tests", "Paperless.Tests\Paperless.Tests.csproj", "{42A1ECF6-56E6-4132-A743-947666C77323}"
EndProject
Project("{FAE04EC0-301F-11D3-BF4B-00C04F79EFBC}") = "Paperless.Application", "Paperless.Application\Paperless.Application.csproj", "{5175A6DC-2AB5-4BD5-BE3F-794C37AFDB88}"
EndProject
Project("{FAE04EC0-301F-11D3-BF4B-00C04F79EFBC}") = "Paperless.Shared", "Paperless.Shared\Paperless.Shared.csproj", "{2F6A7170-E687-4562-B678-17A44AEA3C81}"
EndProject
Project("{2150E333-8FDC-42A3-9474-1A3956D46DE8}") = "tests", "tests", "{02EA681E-C7D8-13C7-8484-4AC65E1B71E8}"
EndProject
Project("{2150E333-8FDC-42A3-9474-1A3956D46DE8}") = "src", "src", "{A5EDFCC0-E62C-46F7-A970-C1603D57390F}"
EndProject
Project("{FAE04EC0-301F-11D3-BF4B-00C04F79EFBC}") = "Paperless.Infrastructure", "Paperless.Infrastructure\Paperless.Infrastructure.csproj", "{0C056ACA-8B53-45F0-9593-09BC1C52C9BC}"
EndProject
Project("{FAE04EC0-301F-11D3-BF4B-00C04F79EFBC}") = "Paperless.Web", "Paperless.Web\Paperless.Web.csproj", "{7F11A1B6-59B8-4E0E-9C25-593EE43D10BC}"
EndProject
Project("{FAE04EC0-301F-11D3-BF4B-00C04F79EFBC}") = "Paperless.OcrWorker", "Paperless.OcrWorker\Paperless.OcrWorker.csproj", "{5C6378D7-12F4-47F2-AA69-5A5B0CABCF33}"
EndProject
Project("{FAE04EC0-301F-11D3-BF4B-00C04F79EFBC}") = "Paperless.Contracts", "Paperless.Contracts\Paperless.Contracts.csproj", "{A566545C-5D0E-47FD-9221-73962FFBA90B}"
EndProject
Project("{FAE04EC0-301F-11D3-BF4B-00C04F79EFBC}") = "Paperless.GenAiWorker", "Paperless.GenAiWorker\Paperless.GenAiWorker.csproj", "{B9987D0C-FDE2-4D58-A23F-CAB29833BA17}"
EndProject
Project("{FAE04EC0-301F-11D3-BF4B-00C04F79EFBC}") = "Paperless.IndexWorker", "Paperless.IndexWorker\Paperless.IndexWorker.csproj", "{454712F4-7DB2-444C-9C1C-8B1B5C40E649}"
EndProject
Project("{2150E333-8FDC-42A3-9474-1A3956D46DE8}") = "Paperless", "Paperless", "{E39CF602-5A53-3C8D-80E4-713151CA17BE}"
EndProject
Project("{FAE04EC0-301F-11D3-BF4B-00C04F79EFBC}") = "Paperless.BatchAccess", "Paperless.BatchAccess\Paperless.BatchAccess.csproj", "{0BDC814A-4174-458F-BC39-B285C6FF2995}"
EndProject
Global
	GlobalSection(SolutionConfigurationPlatforms) = preSolution
		Debug|Any CPU = Debug|Any CPU
		Debug|x64 = Debug|x64
		Debug|x86 = Debug|x86
		Release|Any CPU = Release|Any CPU
		Release|x64 = Release|x64
		Release|x86 = Release|x86
	EndGlobalSection
	GlobalSection(ProjectConfigurationPlatforms) = postSolution
		{E063AB02-C30B-41ED-96DD-5172BECB624C}.Debug|Any CPU.ActiveCfg = Debug|Any CPU
		{E063AB02-C30B-41ED-96DD-5172BECB624C}.Debug|Any CPU.Build.0 = Debug|Any CPU
		{E063AB02-C30B-41ED-96DD-5172BECB624C}.Debug|x64.ActiveCfg = Debug|Any CPU
		{E063AB02-C30B-41ED-96DD-5172BECB624C}.Debug|x64.Build.0 = Debug|Any CPU
		{E063AB02-C30B-41ED-96DD-5172BECB624C}.Debug|x86.ActiveCfg = Debug|Any CPU
		{E063AB02-C30B-41ED-96DD-5172BECB624C}.Debug|x86.Build.0 = Debug|Any CPU
		{E063AB02-C30B-41ED-96DD-5172BECB624C}.Release|Any CPU.ActiveCfg = Release|Any CPU
		{E063AB02-C30B-41ED-96DD-5172BECB624C}.Release|Any CPU.Build.0 = Release|Any CPU
		{E063AB02-C30B-41ED-96DD-5172BECB624C}.Release|x64.ActiveCfg = Release|Any CPU
		{E063AB02-C30B-41ED-96DD-5172BECB624C}.Release|x64.Build.0 = Release|Any CPU
		{E063AB02-C30B-41ED-96DD-5172BECB624C}.Release|x86.ActiveCfg = Release|Any CPU
		{E063AB02-C30B-41ED-96DD-5172BECB624C}.Release|x86.Build.0 = Release|Any CPU
		{666E51EA-B511-4B12-9992-79C3DA3179FE}.Debug|Any CPU.ActiveCfg = Debug|Any CPU
		{666E51EA-B511-4B12-9992-79C3DA3179FE}.Debug|Any CPU.Build.0 = Debug|Any CPU
		{666E51EA-B511-4B12-9992-79C3DA3179FE}.Debug|x64.ActiveCfg = Debug|Any CPU
		{666E51EA-B511-4B12-9992-79C3DA3179FE}.Debug|x64.Build.0 = Debug|Any CPU
		{666E51EA-B511-4B12-9992-79C3DA3179FE}.Debug|x86.ActiveCfg = Debug|Any CPU
		{666E51EA-B511-4B12-9992-79C3DA3179FE}.Debug|x86.Build.0 = Debug|Any CPU
		{666E51EA-B511-4B12-9992-79C3DA3179FE}.Release|Any CPU.ActiveCfg = Release|Any CPU
		{666E51EA-B511-4B12-9992-79C3DA3179FE}.Release|Any CPU.Build.0 = Release|Any CPU
		{666E51EA-B511-4B12-9992-79C3DA3179FE}.Release|x64.ActiveCfg = Release|Any CPU
		{666E51EA-B511-4B12-9992-79C3DA3179FE}.Release|x64.Build.0 = Release|Any CPU
		{666E51EA-B511-4B12-9992-79C3DA3179FE}.Release|x86.ActiveCfg = Release|Any CPU
		{666E51EA-B511-4B12-9992-79C3DA3179FE}.Release|x86.Build.0 = Release|Any CPU
		{42A1ECF6-56E6-4132-A743-947666C77323}.Debug|Any CPU.ActiveCfg = Debug|Any CPU
		{42A1ECF6-56E6-4132-A743-947666C77323}.Debug|Any CPU.Build.0 = Debug|Any CPU
		{42A1ECF6-56E6-4132-A743-947666C77323}.Debug|x64.ActiveCfg = Debug|Any CPU
		{42A1ECF6-56E6-4132-A743-947666C77323}.Debug|x64.Build.0 = Debug|Any CPU
		{42A1ECF6-56E6-4132-A743-947666C77323}.Debug|x86.ActiveCfg = Debug|Any CPU
		{42A1ECF6-56E6-4132-A743-947666C77323}.Debug|x86.Build.0 = Debug|Any CPU
		{42A1ECF6-56E6-4132-A743-947666C77323}.Release|Any CPU.ActiveCfg = Release|Any CPU
		{42A1ECF6-56E6-4132-A743-947666C77323}.Release|Any CPU.Build.0 = Release|Any CPU
		{42A1ECF6-56E6-4132-A743-947666C77323}.Release|x64.ActiveCfg = Release|Any CPU
		{42A1ECF6-56E6-4132-A743-947666C77323}.Release|x64.Build.0 = Release|Any CPU
		{42A1ECF6-56E6-4132-A743-947666C77323}.Release|x86.ActiveCfg = Release|Any CPU
		{42A1ECF6-56E6-4132-A743-947666C77323}.Release|x86.Build.0 = Release|Any CPU
		{5175A6DC-2AB5-4BD5-BE3F-794C37AFDB88}.Debug|Any CPU.ActiveCfg = Debug|Any CPU
		{5175A6DC-2AB5-4BD5-BE3F-794C37AFDB88}.Debug|Any CPU.Build.0 = Debug|Any CPU
		{5175A6DC-2AB5-4BD5-BE3F-794C37AFDB88}.Debug|x64.ActiveCfg = Debug|Any CPU
		{5175A6DC-2AB5-4BD5-BE3F-794C37AFDB88}.Debug|x64.Build.0 = Debug|Any CPU
		{5175A6DC-2AB5-4BD5-BE3F-794C37AFDB88}.Debug|x86.ActiveCfg = Debug|Any CPU
		{5175A6DC-2AB5-4BD5-BE3F-794C37AFDB88}.Debug|x86.Build.0 = Debug|Any CPU
		{5175A6DC-2AB5-4BD5-BE3F-794C37AFDB88}.Release|Any CPU.ActiveCfg = Release|Any CPU
		{5175A6DC-2AB5-4BD5-BE3F-794C37AFDB88}.Release|Any CPU.Build.0 = Release|Any CPU
		{5175A6DC-2AB5-4BD5-BE3F-794C37AFDB88}.Release|x64.ActiveCfg = Release|Any CPU
		{5175A6DC-2AB5-4BD5-BE3F-794C37AFDB88}.Release|x64.Build.0 = Release|Any CPU
		{5175A6DC-2AB5-4BD5-BE3F-794C37AFDB88}.Release|x86.ActiveCfg = Release|Any CPU
		{5175A6DC-2AB5-4BD5-BE3F-794C37AFDB88}.Release|x86.Build.0 = Release|Any CPU
		{2F6A7170-E687-4562-B678-17A44AEA3C81}.Debug|Any CPU.ActiveCfg = Debug|Any CPU
		{2F6A7170-E687-4562-B678-17A44AEA3C81}.Debug|Any CPU.Build.0 = Debug|Any CPU
		{2F6A7170-E687-4562-B678-17A44AEA3C81}.Debug|x64.ActiveCfg = Debug|Any CPU
		{2F6A7170-E687-4562-B678-17A44AEA3C81}.Debug|x64.Build.0 = Debug|Any CPU
		{2F6A7170-E687-4562-B678-17A44AEA3C81}.Debug|x86.ActiveCfg = Debug|Any CPU
		{2F6A7170-E687-4562-B678-17A44AEA3C81}.Debug|x86.Build.0 = Debug|Any CPU
		{2F6A7170-E687-4562-B678-17A44AEA3C81}.Release|Any CPU.ActiveCfg = Release|Any CPU
		{2F6A7170-E687-4562-B678-17A44AEA3C81}.Release|Any CPU.Build.0 = Release|Any CPU
		{2F6A7170-E687-4562-B678-17A44AEA3C81}.Release|x64.ActiveCfg = Release|Any CPU
		{2F6A7170-E687-4562-B678-17A44AEA3C81}.Release|x64.Build.0 = Release|Any CPU
		{2F6A7170-E687-4562-B678-17A44AEA3C81}.Release|x86.ActiveCfg = Release|Any CPU
		{2F6A7170-E687-4562-B678-17A44AEA3C81}.Release|x86.Build.0 = Release|Any CPU
		{0C056ACA-8B53-45F0-9593-09BC1C52C9BC}.Debug|Any CPU.ActiveCfg = Debug|Any CPU
		{0C056ACA-8B53-45F0-9593-09BC1C52C9BC}.Debug|Any CPU.Build.0 = Debug|Any CPU
		{0C056ACA-8B53-45F0-9593-09BC1C52C9BC}.Debug|x64.ActiveCfg = Debug|Any CPU
		{0C056ACA-8B53-45F0-9593-09BC1C52C9BC}.Debug|x64.Build.0 = Debug|Any CPU
		{0C056ACA-8B53-45F0-9593-09BC1C52C9BC}.Debug|x86.ActiveCfg = Debug|Any CPU
		{0C056ACA-8B53-45F0-9593-09BC1C52C9BC}.Debug|x86.Build.0 = Debug|Any CPU
		{0C056ACA-8B53-45F0-9593-09BC1C52C9BC}.Release|Any CPU.ActiveCfg = Release|Any CPU
		{0C056ACA-8B53-45F0-9593-09BC1C52C9BC}.Release|Any CPU.Build.0 = Release|Any CPU
		{0C056ACA-8B53-45F0-9593-09BC1C52C9BC}.Release|x64.ActiveCfg = Release|Any CPU
		{0C056ACA-8B53-45F0-9593-09BC1C52C9BC}.Release|x64.Build.0 = Release|Any CPU
		{0C056ACA-8B53-45F0-9593-09BC1C52C9BC}.Release|x86.ActiveCfg = Release|Any CPU
		{0C056ACA-8B53-45F0-9593-09BC1C52C9BC}.Release|x86.Build.0 = Release|Any CPU
		{7F11A1B6-59B8-4E0E-9C25-593EE43D10BC}.Debug|Any CPU.ActiveCfg = Debug|Any CPU
		{7F11A1B6-59B8-4E0E-9C25-593EE43D10BC}.Debug|Any CPU.Build.0 = Debug|Any CPU
		{7F11A1B6-59B8-4E0E-9C25-593EE43D10BC}.Debug|x64.ActiveCfg = Debug|Any CPU
		{7F11A1B6-59B8-4E0E-9C25-593EE43D10BC}.Debug|x64.Build.0 = Debug|Any CPU
		{7F11A1B6-59B8-4E0E-9C25-593EE43D10BC}.Debug|x86.ActiveCfg = Debug|Any CPU
		{7F11A1B6-59B8-4E0E-9C25-593EE43D10BC}.Debug|x86.Build.0 = Debug|Any CPU
		{7F11A1B6-59B8-4E0E-9C25-593EE43D10BC}.Release|Any CPU.ActiveCfg = Release|Any CPU
		{7F11A1B6-59B8-4E0E-9C25-593EE43D10BC}.Release|Any CPU.Build.0 = Release|Any CPU
		{7F11A1B6-59B8-4E0E-9C25-593EE43D10BC}.Release|x64.ActiveCfg = Release|Any CPU
		{7F11A1B6-59B8-4E0E-9C25-593EE43D10BC}.Release|x64.Build.0 = Release|Any CPU
		{7F11A1B6-59B8-4E0E-9C25-593EE43D10BC}.Release|x86.ActiveCfg = Release|Any CPU
		{7F11A1B6-59B8-4E0E-9C25-593EE43D10BC}.Release|x86.Build.0 = Release|Any CPU
		{5C6378D7-12F4-47F2-AA69-5A5B0CABCF33}.Debug|Any CPU.ActiveCfg = Debug|Any CPU
		{5C6378D7-12F4-47F2-AA69-5A5B0CABCF33}.Debug|Any CPU.Build.0 = Debug|Any CPU
		{5C6378D7-12F4-47F2-AA69-5A5B0CABCF33}.Debug|x64.ActiveCfg = Debug|Any CPU
		{5C6378D7-12F4-47F2-AA69-5A5B0CABCF33}.Debug|x64.Build.0 = Debug|Any CPU
		{5C6378D7-12F4-47F2-AA69-5A5B0CABCF33}.Debug|x86.ActiveCfg = Debug|Any CPU
		{5C6378D7-12F4-47F2-AA69-5A5B0CABCF33}.Debug|x86.Build.0 = Debug|Any CPU
		{5C6378D7-12F4-47F2-AA69-5A5B0CABCF33}.Release|Any CPU.ActiveCfg = Release|Any CPU
		{5C6378D7-12F4-47F2-AA69-5A5B0CABCF33}.Release|Any CPU.Build.0 = Release|Any CPU
		{5C6378D7-12F4-47F2-AA69-5A5B0CABCF33}.Release|x64.ActiveCfg = Release|Any CPU
		{5C6378D7-12F4-47F2-AA69-5A5B0CABCF33}.Release|x64.Build.0 = Release|Any CPU
		{5C6378D7-12F4-47F2-AA69-5A5B0CABCF33}.Release|x86.ActiveCfg = Release|Any CPU
		{5C6378D7-12F4-47F2-AA69-5A5B0CABCF33}.Release|x86.Build.0 = Release|Any CPU
		{A566545C-5D0E-47FD-9221-73962FFBA90B}.Debug|Any CPU.ActiveCfg = Debug|Any CPU
		{A566545C-5D0E-47FD-9221-73962FFBA90B}.Debug|Any CPU.Build.0 = Debug|Any CPU
		{A566545C-5D0E-47FD-9221-73962FFBA90B}.Debug|x64.ActiveCfg = Debug|Any CPU
		{A566545C-5D0E-47FD-9221-73962FFBA90B}.Debug|x64.Build.0 = Debug|Any CPU
		{A566545C-5D0E-47FD-9221-73962FFBA90B}.Debug|x86.ActiveCfg = Debug|Any CPU
		{A566545C-5D0E-47FD-9221-73962FFBA90B}.Debug|x86.Build.0 = Debug|Any CPU
		{A566545C-5D0E-47FD-9221-73962FFBA90B}.Release|Any CPU.ActiveCfg = Release|Any CPU
		{A566545C-5D0E-47FD-9221-73962FFBA90B}.Release|Any CPU.Build.0 = Release|Any CPU
		{A566545C-5D0E-47FD-9221-73962FFBA90B}.Release|x64.ActiveCfg = Release|Any CPU
		{A566545C-5D0E-47FD-9221-73962FFBA90B}.Release|x64.Build.0 = Release|Any CPU
		{A566545C-5D0E-47FD-9221-73962FFBA90B}.Release|x86.ActiveCfg = Release|Any CPU
		{A566545C-5D0E-47FD-9221-73962FFBA90B}.Release|x86.Build.0 = Release|Any CPU
		{B9987D0C-FDE2-4D58-A23F-CAB29833BA17}.Debug|Any CPU.ActiveCfg = Debug|Any CPU
		{B9987D0C-FDE2-4D58-A23F-CAB29833BA17}.Debug|Any CPU.Build.0 = Debug|Any CPU
		{B9987D0C-FDE2-4D58-A23F-CAB29833BA17}.Debug|x64.ActiveCfg = Debug|Any CPU
		{B9987D0C-FDE2-4D58-A23F-CAB29833BA17}.Debug|x64.Build.0 = Debug|Any CPU
		{B9987D0C-FDE2-4D58-A23F-CAB29833BA17}.Debug|x86.ActiveCfg = Debug|Any CPU
		{B9987D0C-FDE2-4D58-A23F-CAB29833BA17}.Debug|x86.Build.0 = Debug|Any CPU
		{B9987D0C-FDE2-4D58-A23F-CAB29833BA17}.Release|Any CPU.ActiveCfg = Release|Any CPU
		{B9987D0C-FDE2-4D58-A23F-CAB29833BA17}.Release|Any CPU.Build.0 = Release|Any CPU
		{B9987D0C-FDE2-4D58-A23F-CAB29833BA17}.Release|x64.ActiveCfg = Release|Any CPU
		{B9987D0C-FDE2-4D58-A23F-CAB29833BA17}.Release|x64.Build.0 = Release|Any CPU
		{B9987D0C-FDE2-4D58-A23F-CAB29833BA17}.Release|x86.ActiveCfg = Release|Any CPU
		{B9987D0C-FDE2-4D58-A23F-CAB29833BA17}.Release|x86.Build.0 = Release|Any CPU
		{454712F4-7DB2-444C-9C1C-8B1B5C40E649}.Debug|Any CPU.ActiveCfg = Debug|Any CPU
		{454712F4-7DB2-444C-9C1C-8B1B5C40E649}.Debug|Any CPU.Build.0 = Debug|Any CPU
		{454712F4-7DB2-444C-9C1C-8B1B5C40E649}.Debug|x64.ActiveCfg = Debug|Any CPU
		{454712F4-7DB2-444C-9C1C-8B1B5C40E649}.Debug|x64.Build.0 = Debug|Any CPU
		{454712F4-7DB2-444C-9C1C-8B1B5C40E649}.Debug|x86.ActiveCfg = Debug|Any CPU
		{454712F4-7DB2-444C-9C1C-8B1B5C40E649}.Debug|x86.Build.0 = Debug|Any CPU
		{454712F4-7DB2-444C-9C1C-8B1B5C40E649}.Release|Any CPU.ActiveCfg = Release|Any CPU
		{454712F4-7DB2-444C-9C1C-8B1B5C40E649}.Release|Any CPU.Build.0 = Release|Any CPU
		{454712F4-7DB2-444C-9C1C-8B1B5C40E649}.Release|x64.ActiveCfg = Release|Any CPU
		{454712F4-7DB2-444C-9C1C-8B1B5C40E649}.Release|x64.Build.0 = Release|Any CPU
		{454712F4-7DB2-444C-9C1C-8B1B5C40E649}.Release|x86.ActiveCfg = Release|Any CPU
		{454712F4-7DB2-444C-9C1C-8B1B5C40E649}.Release|x86.Build.0 = Release|Any CPU
		{0BDC814A-4174-458F-BC39-B285C6FF2995}.Debug|Any CPU.ActiveCfg = Debug|Any CPU
		{0BDC814A-4174-458F-BC39-B285C6FF2995}.Debug|Any CPU.Build.0 = Debug|Any CPU
		{0BDC814A-4174-458F-BC39-B285C6FF2995}.Debug|x64.ActiveCfg = Debug|Any CPU
		{0BDC814A-4174-458F-BC39-B285C6FF2995}.Debug|x64.Build.0 = Debug|Any CPU
		{0BDC814A-4174-458F-BC39-B285C6FF2995}.Debug|x86.ActiveCfg = Debug|Any CPU
		{0BDC814A-4174-458F-BC39-B285C6FF2995}.Debug|x86.Build.0 = Debug|Any CPU
		{0BDC814A-4174-458F-BC39-B285C6FF2995}.Release|Any CPU.ActiveCfg = Release|Any CPU
		{0BDC814A-4174-458F-BC39-B285C6FF2995}.Release|Any CPU.Build.0 = Release|Any CPU
		{0BDC814A-4174-458F-BC39-B285C6FF2995}.Release|x64.ActiveCfg = Release|Any CPU
		{0BDC814A-4174-458F-BC39-B285C6FF2995}.Release|x64.Build.0 = Release|Any CPU
		{0BDC814A-4174-458F-BC39-B285C6FF2995}.Release|x86.ActiveCfg = Release|Any CPU
		{0BDC814A-4174-458F-BC39-B285C6FF2995}.Release|x86.Build.0 = Release|Any CPU
	EndGlobalSection
	GlobalSection(SolutionProperties) = preSolution
		HideSolutionNode = FALSE
	EndGlobalSection
	GlobalSection(NestedProjects) = preSolution
		{E063AB02-C30B-41ED-96DD-5172BECB624C} = {A5EDFCC0-E62C-46F7-A970-C1603D57390F}
		{666E51EA-B511-4B12-9992-79C3DA3179FE} = {A5EDFCC0-E62C-46F7-A970-C1603D57390F}
		{42A1ECF6-56E6-4132-A743-947666C77323} = {02EA681E-C7D8-13C7-8484-4AC65E1B71E8}
		{5175A6DC-2AB5-4BD5-BE3F-794C37AFDB88} = {A5EDFCC0-E62C-46F7-A970-C1603D57390F}
		{2F6A7170-E687-4562-B678-17A44AEA3C81} = {A5EDFCC0-E62C-46F7-A970-C1603D57390F}
		{0C056ACA-8B53-45F0-9593-09BC1C52C9BC} = {A5EDFCC0-E62C-46F7-A970-C1603D57390F}
		{7F11A1B6-59B8-4E0E-9C25-593EE43D10BC} = {A5EDFCC0-E62C-46F7-A970-C1603D57390F}
		{5C6378D7-12F4-47F2-AA69-5A5B0CABCF33} = {A5EDFCC0-E62C-46F7-A970-C1603D57390F}
		{A566545C-5D0E-47FD-9221-73962FFBA90B} = {A5EDFCC0-E62C-46F7-A970-C1603D57390F}
		{B9987D0C-FDE2-4D58-A23F-CAB29833BA17} = {A5EDFCC0-E62C-46F7-A970-C1603D57390F}
		{454712F4-7DB2-444C-9C1C-8B1B5C40E649} = {A5EDFCC0-E62C-46F7-A970-C1603D57390F}
		{0BDC814A-4174-458F-BC39-B285C6FF2995} = {E39CF602-5A53-3C8D-80E4-713151CA17BE}
	EndGlobalSection
	GlobalSection(ExtensibilityGlobals) = postSolution
		SolutionGuid = {4F473FA3-1C68-464D-A76C-A3F99863649F}
	EndGlobalSection
EndGlobal
